// !$*UTF8*$!
{
	archiveVersion = 1;
	classes = {
	};
	objectVersion = 50;
	objects = {

/* Begin PBXBuildFile section */
		C291BDC2239D53C700760577 /* AppDelegate.swift in Sources */ = {isa = PBXBuildFile; fileRef = C291BDC1239D53C700760577 /* AppDelegate.swift */; };
		C291BDC4239D53C700760577 /* ViewController.swift in Sources */ = {isa = PBXBuildFile; fileRef = C291BDC3239D53C700760577 /* ViewController.swift */; };
		C291BDC7239D53C700760577 /* Main.storyboard in Resources */ = {isa = PBXBuildFile; fileRef = C291BDC5239D53C700760577 /* Main.storyboard */; };
		C291BDC9239D53C800760577 /* Assets.xcassets in Resources */ = {isa = PBXBuildFile; fileRef = C291BDC8239D53C800760577 /* Assets.xcassets */; };
		C291BDCC239D53C800760577 /* LaunchScreen.storyboard in Resources */ = {isa = PBXBuildFile; fileRef = C291BDCA239D53C800760577 /* LaunchScreen.storyboard */; };
		C291BDD5239D573900760577 /* BasePopoverVC.swift in Sources */ = {isa = PBXBuildFile; fileRef = C291BDD3239D573900760577 /* BasePopoverVC.swift */; };
		C291BDD6239D573900760577 /* BasePopoverVC.xib in Resources */ = {isa = PBXBuildFile; fileRef = C291BDD4239D573900760577 /* BasePopoverVC.xib */; };
		C291BDD9239D58F000760577 /* UIView+Extension.swift in Sources */ = {isa = PBXBuildFile; fileRef = C291BDD8239D58F000760577 /* UIView+Extension.swift */; };
		C291BDDC239D69F700760577 /* RKRPointRankingInfoPopoverVC.swift in Sources */ = {isa = PBXBuildFile; fileRef = C291BDDA239D69F700760577 /* RKRPointRankingInfoPopoverVC.swift */; };
		C291BDDD239D69F700760577 /* RKRPointRankingInfoPopoverVC.xib in Resources */ = {isa = PBXBuildFile; fileRef = C291BDDB239D69F700760577 /* RKRPointRankingInfoPopoverVC.xib */; };
		C291BDE2239D741600760577 /* PopoverInfoCell.swift in Sources */ = {isa = PBXBuildFile; fileRef = C291BDE0239D741600760577 /* PopoverInfoCell.swift */; };
		C291BDE3239D741600760577 /* PopoverInfoCell.xib in Resources */ = {isa = PBXBuildFile; fileRef = C291BDE1239D741600760577 /* PopoverInfoCell.xib */; };
/* End PBXBuildFile section */

/* Begin PBXFileReference section */
		C291BDBE239D53C700760577 /* PopoverVCSample.app */ = {isa = PBXFileReference; explicitFileType = wrapper.application; includeInIndex = 0; path = PopoverVCSample.app; sourceTree = BUILT_PRODUCTS_DIR; };
		C291BDC1239D53C700760577 /* AppDelegate.swift */ = {isa = PBXFileReference; lastKnownFileType = sourcecode.swift; path = AppDelegate.swift; sourceTree = "<group>"; };
		C291BDC3239D53C700760577 /* ViewController.swift */ = {isa = PBXFileReference; lastKnownFileType = sourcecode.swift; path = ViewController.swift; sourceTree = "<group>"; };
		C291BDC6239D53C700760577 /* Base */ = {isa = PBXFileReference; lastKnownFileType = file.storyboard; name = Base; path = Base.lproj/Main.storyboard; sourceTree = "<group>"; };
		C291BDC8239D53C800760577 /* Assets.xcassets */ = {isa = PBXFileReference; lastKnownFileType = folder.assetcatalog; path = Assets.xcassets; sourceTree = "<group>"; };
		C291BDCB239D53C800760577 /* Base */ = {isa = PBXFileReference; lastKnownFileType = file.storyboard; name = Base; path = Base.lproj/LaunchScreen.storyboard; sourceTree = "<group>"; };
		C291BDCD239D53C800760577 /* Info.plist */ = {isa = PBXFileReference; lastKnownFileType = text.plist.xml; path = Info.plist; sourceTree = "<group>"; };
		C291BDD3239D573900760577 /* BasePopoverVC.swift */ = {isa = PBXFileReference; lastKnownFileType = sourcecode.swift; path = BasePopoverVC.swift; sourceTree = "<group>"; };
		C291BDD4239D573900760577 /* BasePopoverVC.xib */ = {isa = PBXFileReference; lastKnownFileType = file.xib; path = BasePopoverVC.xib; sourceTree = "<group>"; };
		C291BDD8239D58F000760577 /* UIView+Extension.swift */ = {isa = PBXFileReference; lastKnownFileType = sourcecode.swift; path = "UIView+Extension.swift"; sourceTree = "<group>"; };
		C291BDDA239D69F700760577 /* RKRPointRankingInfoPopoverVC.swift */ = {isa = PBXFileReference; lastKnownFileType = sourcecode.swift; path = RKRPointRankingInfoPopoverVC.swift; sourceTree = "<group>"; };
		C291BDDB239D69F700760577 /* RKRPointRankingInfoPopoverVC.xib */ = {isa = PBXFileReference; lastKnownFileType = file.xib; path = RKRPointRankingInfoPopoverVC.xib; sourceTree = "<group>"; };
		C291BDE0239D741600760577 /* PopoverInfoCell.swift */ = {isa = PBXFileReference; lastKnownFileType = sourcecode.swift; path = PopoverInfoCell.swift; sourceTree = "<group>"; };
		C291BDE1239D741600760577 /* PopoverInfoCell.xib */ = {isa = PBXFileReference; lastKnownFileType = file.xib; path = PopoverInfoCell.xib; sourceTree = "<group>"; };
/* End PBXFileReference section */

/* Begin PBXFrameworksBuildPhase section */
		C291BDBB239D53C700760577 /* Frameworks */ = {
			isa = PBXFrameworksBuildPhase;
			buildActionMask = 2147483647;
			files = (
			);
			runOnlyForDeploymentPostprocessing = 0;
		};
/* End PBXFrameworksBuildPhase section */

/* Begin PBXGroup section */
		C291BDB5239D53C700760577 = {
			isa = PBXGroup;
			children = (
				C291BDC0239D53C700760577 /* PopoverVCSample */,
				C291BDBF239D53C700760577 /* Products */,
			);
			sourceTree = "<group>";
		};
		C291BDBF239D53C700760577 /* Products */ = {
			isa = PBXGroup;
			children = (
				C291BDBE239D53C700760577 /* PopoverVCSample.app */,
			);
			name = Products;
			sourceTree = "<group>";
		};
		C291BDC0239D53C700760577 /* PopoverVCSample */ = {
			isa = PBXGroup;
			children = (
				C291BDC1239D53C700760577 /* AppDelegate.swift */,
				C291BDC3239D53C700760577 /* ViewController.swift */,
				C291BDD8239D58F000760577 /* UIView+Extension.swift */,
				C291BDD7239D574100760577 /* PopoverVC */,
				C291BDC5239D53C700760577 /* Main.storyboard */,
				C291BDC8239D53C800760577 /* Assets.xcassets */,
				C291BDCA239D53C800760577 /* LaunchScreen.storyboard */,
				C291BDCD239D53C800760577 /* Info.plist */,
			);
			path = PopoverVCSample;
			sourceTree = "<group>";
		};
		C291BDD7239D574100760577 /* PopoverVC */ = {
			isa = PBXGroup;
			children = (
				C291BDD3239D573900760577 /* BasePopoverVC.swift */,
				C291BDD4239D573900760577 /* BasePopoverVC.xib */,
				C291BDDE239D6B1400760577 /* RPointRankingInfoPopoverVC */,
			);
			path = PopoverVC;
			sourceTree = "<group>";
		};
		C291BDDE239D6B1400760577 /* RPointRankingInfoPopoverVC */ = {
			isa = PBXGroup;
			children = (
				C291BDDA239D69F700760577 /* RKRPointRankingInfoPopoverVC.swift */,
				C291BDDB239D69F700760577 /* RKRPointRankingInfoPopoverVC.xib */,
				C291BDDF239D73EF00760577 /* Cells */,
			);
			path = RPointRankingInfoPopoverVC;
			sourceTree = "<group>";
		};
		C291BDDF239D73EF00760577 /* Cells */ = {
			isa = PBXGroup;
			children = (
				C291BDE0239D741600760577 /* PopoverInfoCell.swift */,
				C291BDE1239D741600760577 /* PopoverInfoCell.xib */,
			);
			path = Cells;
			sourceTree = "<group>";
		};
/* End PBXGroup section */

/* Begin PBXNativeTarget section */
		C291BDBD239D53C700760577 /* PopoverVCSample */ = {
			isa = PBXNativeTarget;
			buildConfigurationList = C291BDD0239D53C800760577 /* Build configuration list for PBXNativeTarget "PopoverVCSample" */;
			buildPhases = (
				C291BDBA239D53C700760577 /* Sources */,
				C291BDBB239D53C700760577 /* Frameworks */,
				C291BDBC239D53C700760577 /* Resources */,
			);
			buildRules = (
			);
			dependencies = (
			);
			name = PopoverVCSample;
			productName = PopoverVCSample;
			productReference = C291BDBE239D53C700760577 /* PopoverVCSample.app */;
			productType = "com.apple.product-type.application";
		};
/* End PBXNativeTarget section */

/* Begin PBXProject section */
		C291BDB6239D53C700760577 /* Project object */ = {
			isa = PBXProject;
			attributes = {
				LastSwiftUpdateCheck = 1020;
				LastUpgradeCheck = 1020;
				ORGANIZATIONNAME = truhoada;
				TargetAttributes = {
					C291BDBD239D53C700760577 = {
						CreatedOnToolsVersion = 10.2.1;
					};
				};
			};
			buildConfigurationList = C291BDB9239D53C700760577 /* Build configuration list for PBXProject "PopoverVCSample" */;
			compatibilityVersion = "Xcode 9.3";
			developmentRegion = en;
			hasScannedForEncodings = 0;
			knownRegions = (
				en,
				Base,
			);
			mainGroup = C291BDB5239D53C700760577;
			productRefGroup = C291BDBF239D53C700760577 /* Products */;
			projectDirPath = "";
			projectRoot = "";
			targets = (
				C291BDBD239D53C700760577 /* PopoverVCSample */,
			);
		};
/* End PBXProject section */

/* Begin PBXResourcesBuildPhase section */
		C291BDBC239D53C700760577 /* Resources */ = {
			isa = PBXResourcesBuildPhase;
			buildActionMask = 2147483647;
			files = (
				C291BDDD239D69F700760577 /* RKRPointRankingInfoPopoverVC.xib in Resources */,
				C291BDE3239D741600760577 /* PopoverInfoCell.xib in Resources */,
				C291BDCC239D53C800760577 /* LaunchScreen.storyboard in Resources */,
				C291BDD6239D573900760577 /* BasePopoverVC.xib in Resources */,
				C291BDC9239D53C800760577 /* Assets.xcassets in Resources */,
				C291BDC7239D53C700760577 /* Main.storyboard in Resources */,
			);
			runOnlyForDeploymentPostprocessing = 0;
		};
/* End PBXResourcesBuildPhase section */

/* Begin PBXSourcesBuildPhase section */
		C291BDBA239D53C700760577 /* Sources */ = {
			isa = PBXSourcesBuildPhase;
			buildActionMask = 2147483647;
			files = (
				C291BDDC239D69F700760577 /* RKRPointRankingInfoPopoverVC.swift in Sources */,
				C291BDE2239D741600760577 /* PopoverInfoCell.swift in Sources */,
				C291BDD5239D573900760577 /* BasePopoverVC.swift in Sources */,
				C291BDC4239D53C700760577 /* ViewController.swift in Sources */,
				C291BDD9239D58F000760577 /* UIView+Extension.swift in Sources */,
				C291BDC2239D53C700760577 /* AppDelegate.swift in Sources */,
			);
			runOnlyForDeploymentPostprocessing = 0;
		};
/* End PBXSourcesBuildPhase section */

/* Begin PBXVariantGroup section */
		C291BDC5239D53C700760577 /* Main.storyboard */ = {
			isa = PBXVariantGroup;
			children = (
				C291BDC6239D53C700760577 /* Base */,
			);
			name = Main.storyboard;
			sourceTree = "<group>";
		};
		C291BDCA239D53C800760577 /* LaunchScreen.storyboard */ = {
			isa = PBXVariantGroup;
			children = (
				C291BDCB239D53C800760577 /* Base */,
			);
			name = LaunchScreen.storyboard;
			sourceTree = "<group>";
		};
/* End PBXVariantGroup section */

/* Begin XCBuildConfiguration section */
		C291BDCE239D53C800760577 /* Debug */ = {
			isa = XCBuildConfiguration;
			buildSettings = {
				ALWAYS_SEARCH_USER_PATHS = NO;
				CLANG_ANALYZER_NONNULL = YES;
				CLANG_ANALYZER_NUMBER_OBJECT_CONVERSION = YES_AGGRESSIVE;
				CLANG_CXX_LANGUAGE_STANDARD = "gnu++14";
				CLANG_CXX_LIBRARY = "libc++";
				CLANG_ENABLE_MODULES = YES;
				CLANG_ENABLE_OBJC_ARC = YES;
				CLANG_ENABLE_OBJC_WEAK = YES;
				CLANG_WARN_BLOCK_CAPTURE_AUTORELEASING = YES;
				CLANG_WARN_BOOL_CONVERSION = YES;
				CLANG_WARN_COMMA = YES;
				CLANG_WARN_CONSTANT_CONVERSION = YES;
				CLANG_WARN_DEPRECATED_OBJC_IMPLEMENTATIONS = YES;
				CLANG_WARN_DIRECT_OBJC_ISA_USAGE = YES_ERROR;
				CLANG_WARN_DOCUMENTATION_COMMENTS = YES;
				CLANG_WARN_EMPTY_BODY = YES;
				CLANG_WARN_ENUM_CONVERSION = YES;
				CLANG_WARN_INFINITE_RECURSION = YES;
				CLANG_WARN_INT_CONVERSION = YES;
				CLANG_WARN_NON_LITERAL_NULL_CONVERSION = YES;
				CLANG_WARN_OBJC_IMPLICIT_RETAIN_SELF = YES;
				CLANG_WARN_OBJC_LITERAL_CONVERSION = YES;
				CLANG_WARN_OBJC_ROOT_CLASS = YES_ERROR;
				CLANG_WARN_RANGE_LOOP_ANALYSIS = YES;
				CLANG_WARN_STRICT_PROTOTYPES = YES;
				CLANG_WARN_SUSPICIOUS_MOVE = YES;
				CLANG_WARN_UNGUARDED_AVAILABILITY = YES_AGGRESSIVE;
				CLANG_WARN_UNREACHABLE_CODE = YES;
				CLANG_WARN__DUPLICATE_METHOD_MATCH = YES;
				CODE_SIGN_IDENTITY = "iPhone Developer";
				COPY_PHASE_STRIP = NO;
				DEBUG_INFORMATION_FORMAT = dwarf;
				ENABLE_STRICT_OBJC_MSGSEND = YES;
				ENABLE_TESTABILITY = YES;
				GCC_C_LANGUAGE_STANDARD = gnu11;
				GCC_DYNAMIC_NO_PIC = NO;
				GCC_NO_COMMON_BLOCKS = YES;
				GCC_OPTIMIZATION_LEVEL = 0;
				GCC_PREPROCESSOR_DEFINITIONS = (
					"DEBUG=1",
					"$(inherited)",
				);
				GCC_WARN_64_TO_32_BIT_CONVERSION = YES;
				GCC_WARN_ABOUT_RETURN_TYPE = YES_ERROR;
				GCC_WARN_UNDECLARED_SELECTOR = YES;
				GCC_WARN_UNINITIALIZED_AUTOS = YES_AGGRESSIVE;
				GCC_WARN_UNUSED_FUNCTION = YES;
				GCC_WARN_UNUSED_VARIABLE = YES;
				IPHONEOS_DEPLOYMENT_TARGET = 12.2;
				MTL_ENABLE_DEBUG_INFO = INCLUDE_SOURCE;
				MTL_FAST_MATH = YES;
				ONLY_ACTIVE_ARCH = YES;
				SDKROOT = iphoneos;
				SWIFT_ACTIVE_COMPILATION_CONDITIONS = DEBUG;
				SWIFT_OPTIMIZATION_LEVEL = "-Onone";
			};
			name = Debug;
		};
		C291BDCF239D53C800760577 /* Release */ = {
			isa = XCBuildConfiguration;
			buildSettings = {
				ALWAYS_SEARCH_USER_PATHS = NO;
				CLANG_ANALYZER_NONNULL = YES;
				CLANG_ANALYZER_NUMBER_OBJECT_CONVERSION = YES_AGGRESSIVE;
				CLANG_CXX_LANGUAGE_STANDARD = "gnu++14";
				CLANG_CXX_LIBRARY = "libc++";
				CLANG_ENABLE_MODULES = YES;
				CLANG_ENABLE_OBJC_ARC = YES;
				CLANG_ENABLE_OBJC_WEAK = YES;
				CLANG_WARN_BLOCK_CAPTURE_AUTORELEASING = YES;
				CLANG_WARN_BOOL_CONVERSION = YES;
				CLANG_WARN_COMMA = YES;
				CLANG_WARN_CONSTANT_CONVERSION = YES;
				CLANG_WARN_DEPRECATED_OBJC_IMPLEMENTATIONS = YES;
				CLANG_WARN_DIRECT_OBJC_ISA_USAGE = YES_ERROR;
				CLANG_WARN_DOCUMENTATION_COMMENTS = YES;
				CLANG_WARN_EMPTY_BODY = YES;
				CLANG_WARN_ENUM_CONVERSION = YES;
				CLANG_WARN_INFINITE_RECURSION = YES;
				CLANG_WARN_INT_CONVERSION = YES;
				CLANG_WARN_NON_LITERAL_NULL_CONVERSION = YES;
				CLANG_WARN_OBJC_IMPLICIT_RETAIN_SELF = YES;
				CLANG_WARN_OBJC_LITERAL_CONVERSION = YES;
				CLANG_WARN_OBJC_ROOT_CLASS = YES_ERROR;
				CLANG_WARN_RANGE_LOOP_ANALYSIS = YES;
				CLANG_WARN_STRICT_PROTOTYPES = YES;
				CLANG_WARN_SUSPICIOUS_MOVE = YES;
				CLANG_WARN_UNGUARDED_AVAILABILITY = YES_AGGRESSIVE;
				CLANG_WARN_UNREACHABLE_CODE = YES;
				CLANG_WARN__DUPLICATE_METHOD_MATCH = YES;
				CODE_SIGN_IDENTITY = "iPhone Developer";
				COPY_PHASE_STRIP = NO;
				DEBUG_INFORMATION_FORMAT = "dwarf-with-dsym";
				ENABLE_NS_ASSERTIONS = NO;
				ENABLE_STRICT_OBJC_MSGSEND = YES;
				GCC_C_LANGUAGE_STANDARD = gnu11;
				GCC_NO_COMMON_BLOCKS = YES;
				GCC_WARN_64_TO_32_BIT_CONVERSION = YES;
				GCC_WARN_ABOUT_RETURN_TYPE = YES_ERROR;
				GCC_WARN_UNDECLARED_SELECTOR = YES;
				GCC_WARN_UNINITIALIZED_AUTOS = YES_AGGRESSIVE;
				GCC_WARN_UNUSED_FUNCTION = YES;
				GCC_WARN_UNUSED_VARIABLE = YES;
				IPHONEOS_DEPLOYMENT_TARGET = 12.2;
				MTL_ENABLE_DEBUG_INFO = NO;
				MTL_FAST_MATH = YES;
				SDKROOT = iphoneos;
				SWIFT_COMPILATION_MODE = wholemodule;
				SWIFT_OPTIMIZATION_LEVEL = "-O";
				VALIDATE_PRODUCT = YES;
			};
			name = Release;
		};
		C291BDD1239D53C800760577 /* Debug */ = {
			isa = XCBuildConfiguration;
			buildSettings = {
				ASSETCATALOG_COMPILER_APPICON_NAME = AppIcon;
				CODE_SIGN_STYLE = Automatic;
				DEVELOPMENT_TEAM = 2368GKXZYP;
				INFOPLIST_FILE = PopoverVCSample/Info.plist;
				LD_RUNPATH_SEARCH_PATHS = (
					"$(inherited)",
					"@executable_path/Frameworks",
				);
				PRODUCT_BUNDLE_IDENTIFIER = truhoada.PopoverVCSample;
				PRODUCT_NAME = "$(TARGET_NAME)";
				SWIFT_VERSION = 5.0;
				TARGETED_DEVICE_FAMILY = "1,2";
			};
			name = Debug;
		};
		C291BDD2239D53C800760577 /* Release */ = {
			isa = XCBuildConfiguration;
			buildSettings = {
				ASSETCATALOG_COMPILER_APPICON_NAME = AppIcon;
				CODE_SIGN_STYLE = Automatic;
				DEVELOPMENT_TEAM = 2368GKXZYP;
				INFOPLIST_FILE = PopoverVCSample/Info.plist;
				LD_RUNPATH_SEARCH_PATHS = (
					"$(inherited)",
					"@executable_path/Frameworks",
				);
				PRODUCT_BUNDLE_IDENTIFIER = truhoada.PopoverVCSample;
				PRODUCT_NAME = "$(TARGET_NAME)";
				SWIFT_VERSION = 5.0;
				TARGETED_DEVICE_FAMILY = "1,2";
			};
			name = Release;
		};
/* End XCBuildConfiguration section */

/* Begin XCConfigurationList section */
		C291BDB9239D53C700760577 /* Build configuration list for PBXProject "PopoverVCSample" */ = {
			isa = XCConfigurationList;
			buildConfigurations = (
				C291BDCE239D53C800760577 /* Debug */,
				C291BDCF239D53C800760577 /* Release */,
			);
			defaultConfigurationIsVisible = 0;
			defaultConfigurationName = Release;
		};
		C291BDD0239D53C800760577 /* Build configuration list for PBXNativeTarget "PopoverVCSample" */ = {
			isa = XCConfigurationList;
			buildConfigurations = (
				C291BDD1239D53C800760577 /* Debug */,
				C291BDD2239D53C800760577 /* Release */,
			);
			defaultConfigurationIsVisible = 0;
			defaultConfigurationName = Release;
		};
/* End XCConfigurationList section */
	};
	rootObject = C291BDB6239D53C700760577 /* Project object */;
}
